
Microsoft Visual Studio Solution File, Format Version 12.00
# Visual Studio Version 16
VisualStudioVersion = 16.0.33214.272
MinimumVisualStudioVersion = 10.0.40219.1
Project("{FAE04EC0-301F-11D3-BF4B-00C04F79EFBC}") = "Tect_Poleev", "Tect_Poleev\Tect_Poleev.csproj", "{38EF7E17-C362-4753-BE84-CE86359E7E39}"
EndProject
Global
	GlobalSection(SolutionConfigurationPlatforms) = preSolution
		Debug|Any CPU = Debug|Any CPU
		Release|Any CPU = Release|Any CPU
	EndGlobalSection
	GlobalSection(ProjectConfigurationPlatforms) = postSolution
		{38EF7E17-C362-4753-BE84-CE86359E7E39}.Debug|Any CPU.ActiveCfg = Debug|Any CPU
		{38EF7E17-C362-4753-BE84-CE86359E7E39}.Debug|Any CPU.Build.0 = Debug|Any CPU
		{38EF7E17-C362-4753-BE84-CE86359E7E39}.Release|Any CPU.ActiveCfg = Release|Any CPU
		{38EF7E17-C362-4753-BE84-CE86359E7E39}.Release|Any CPU.Build.0 = Release|Any CPU
	EndGlobalSection
	GlobalSection(SolutionProperties) = preSolution
		HideSolutionNode = FALSE
	EndGlobalSection
	GlobalSection(ExtensibilityGlobals) = postSolution
		SolutionGuid = {BCC54CE6-6AEB-48E7-922B-655DA5F6A170}
	EndGlobalSection
EndGlobal
